// !$*UTF8*$!
{
	archiveVersion = 1;
	classes = {
	};
	objectVersion = 46;
	objects = {

/* Begin PBXBuildFile section */
		81755A401BBCDE5D00A16229 /* AppDelegate.swift in Sources */ = {isa = PBXBuildFile; fileRef = 81755A3F1BBCDE5D00A16229 /* AppDelegate.swift */; };
		81755A471BBCDE5D00A16229 /* Images.xcassets in Resources */ = {isa = PBXBuildFile; fileRef = 81755A461BBCDE5D00A16229 /* Images.xcassets */; };
		81755A4A1BBCDE5D00A16229 /* LaunchScreen.xib in Resources */ = {isa = PBXBuildFile; fileRef = 81755A481BBCDE5D00A16229 /* LaunchScreen.xib */; };
		81755A561BBCDE5D00A16229 /* PhishTourV2Tests.swift in Sources */ = {isa = PBXBuildFile; fileRef = 81755A551BBCDE5D00A16229 /* PhishTourV2Tests.swift */; };
		81755A601BBCDECF00A16229 /* PhishTour.swift in Sources */ = {isa = PBXBuildFile; fileRef = 81755A5F1BBCDECF00A16229 /* PhishTour.swift */; };
		81755A621BBCDF9E00A16229 /* PhishShow.swift in Sources */ = {isa = PBXBuildFile; fileRef = 81755A611BBCDF9E00A16229 /* PhishShow.swift */; };
		81755A641BBCE13C00A16229 /* PhishSong.swift in Sources */ = {isa = PBXBuildFile; fileRef = 81755A631BBCE13C00A16229 /* PhishSong.swift */; };
		81755A661BBCE28D00A16229 /* PhishinClient.swift in Sources */ = {isa = PBXBuildFile; fileRef = 81755A651BBCE28D00A16229 /* PhishinClient.swift */; };
		81755A681BBCE82700A16229 /* TourMapViewController.swift in Sources */ = {isa = PBXBuildFile; fileRef = 81755A671BBCE82700A16229 /* TourMapViewController.swift */; };
		81755A6A1BBCE85000A16229 /* Main.storyboard in Resources */ = {isa = PBXBuildFile; fileRef = 81755A691BBCE85000A16229 /* Main.storyboard */; };
/* End PBXBuildFile section */

/* Begin PBXContainerItemProxy section */
		81755A501BBCDE5D00A16229 /* PBXContainerItemProxy */ = {
			isa = PBXContainerItemProxy;
			containerPortal = 81755A321BBCDE5D00A16229 /* Project object */;
			proxyType = 1;
			remoteGlobalIDString = 81755A391BBCDE5D00A16229;
			remoteInfo = PhishTourV2;
		};
/* End PBXContainerItemProxy section */

/* Begin PBXFileReference section */
		81755A3A1BBCDE5D00A16229 /* PhishTourV2.app */ = {isa = PBXFileReference; explicitFileType = wrapper.application; includeInIndex = 0; path = PhishTourV2.app; sourceTree = BUILT_PRODUCTS_DIR; };
		81755A3E1BBCDE5D00A16229 /* Info.plist */ = {isa = PBXFileReference; lastKnownFileType = text.plist.xml; path = Info.plist; sourceTree = "<group>"; };
		81755A3F1BBCDE5D00A16229 /* AppDelegate.swift */ = {isa = PBXFileReference; lastKnownFileType = sourcecode.swift; path = AppDelegate.swift; sourceTree = "<group>"; };
		81755A461BBCDE5D00A16229 /* Images.xcassets */ = {isa = PBXFileReference; lastKnownFileType = folder.assetcatalog; path = Images.xcassets; sourceTree = "<group>"; };
		81755A491BBCDE5D00A16229 /* Base */ = {isa = PBXFileReference; lastKnownFileType = file.xib; name = Base; path = Base.lproj/LaunchScreen.xib; sourceTree = "<group>"; };
		81755A4F1BBCDE5D00A16229 /* PhishTourV2Tests.xctest */ = {isa = PBXFileReference; explicitFileType = wrapper.cfbundle; includeInIndex = 0; path = PhishTourV2Tests.xctest; sourceTree = BUILT_PRODUCTS_DIR; };
		81755A541BBCDE5D00A16229 /* Info.plist */ = {isa = PBXFileReference; lastKnownFileType = text.plist.xml; path = Info.plist; sourceTree = "<group>"; };
		81755A551BBCDE5D00A16229 /* PhishTourV2Tests.swift */ = {isa = PBXFileReference; lastKnownFileType = sourcecode.swift; path = PhishTourV2Tests.swift; sourceTree = "<group>"; };
		81755A5F1BBCDECF00A16229 /* PhishTour.swift */ = {isa = PBXFileReference; fileEncoding = 4; lastKnownFileType = sourcecode.swift; path = PhishTour.swift; sourceTree = "<group>"; };
		81755A611BBCDF9E00A16229 /* PhishShow.swift */ = {isa = PBXFileReference; fileEncoding = 4; lastKnownFileType = sourcecode.swift; path = PhishShow.swift; sourceTree = "<group>"; };
		81755A631BBCE13C00A16229 /* PhishSong.swift */ = {isa = PBXFileReference; fileEncoding = 4; lastKnownFileType = sourcecode.swift; path = PhishSong.swift; sourceTree = "<group>"; };
		81755A651BBCE28D00A16229 /* PhishinClient.swift */ = {isa = PBXFileReference; fileEncoding = 4; lastKnownFileType = sourcecode.swift; path = PhishinClient.swift; sourceTree = "<group>"; };
		81755A671BBCE82700A16229 /* TourMapViewController.swift */ = {isa = PBXFileReference; fileEncoding = 4; lastKnownFileType = sourcecode.swift; path = TourMapViewController.swift; sourceTree = "<group>"; };
		81755A691BBCE85000A16229 /* Main.storyboard */ = {isa = PBXFileReference; fileEncoding = 4; lastKnownFileType = file.storyboard; path = Main.storyboard; sourceTree = "<group>"; };
/* End PBXFileReference section */

/* Begin PBXFrameworksBuildPhase section */
		81755A371BBCDE5D00A16229 /* Frameworks */ = {
			isa = PBXFrameworksBuildPhase;
			buildActionMask = 2147483647;
			files = (
			);
			runOnlyForDeploymentPostprocessing = 0;
		};
		81755A4C1BBCDE5D00A16229 /* Frameworks */ = {
			isa = PBXFrameworksBuildPhase;
			buildActionMask = 2147483647;
			files = (
			);
			runOnlyForDeploymentPostprocessing = 0;
		};
/* End PBXFrameworksBuildPhase section */

/* Begin PBXGroup section */
		81755A311BBCDE5D00A16229 = {
			isa = PBXGroup;
			children = (
				81755A3C1BBCDE5D00A16229 /* PhishTourV2 */,
				81755A521BBCDE5D00A16229 /* PhishTourV2Tests */,
				81755A3B1BBCDE5D00A16229 /* Products */,
			);
			sourceTree = "<group>";
		};
		81755A3B1BBCDE5D00A16229 /* Products */ = {
			isa = PBXGroup;
			children = (
				81755A3A1BBCDE5D00A16229 /* PhishTourV2.app */,
				81755A4F1BBCDE5D00A16229 /* PhishTourV2Tests.xctest */,
			);
			name = Products;
			sourceTree = "<group>";
		};
		81755A3C1BBCDE5D00A16229 /* PhishTourV2 */ = {
			isa = PBXGroup;
			children = (
				81755A3F1BBCDE5D00A16229 /* AppDelegate.swift */,
				81755A691BBCE85000A16229 /* Main.storyboard */,
				81755A5F1BBCDECF00A16229 /* PhishTour.swift */,
				81755A611BBCDF9E00A16229 /* PhishShow.swift */,
				81755A631BBCE13C00A16229 /* PhishSong.swift */,
				81755A651BBCE28D00A16229 /* PhishinClient.swift */,
				81755A671BBCE82700A16229 /* TourMapViewController.swift */,
				81755A461BBCDE5D00A16229 /* Images.xcassets */,
				81755A481BBCDE5D00A16229 /* LaunchScreen.xib */,
				81755A3D1BBCDE5D00A16229 /* Supporting Files */,
			);
			path = PhishTourV2;
			sourceTree = "<group>";
		};
		81755A3D1BBCDE5D00A16229 /* Supporting Files */ = {
			isa = PBXGroup;
			children = (
				81755A3E1BBCDE5D00A16229 /* Info.plist */,
			);
			name = "Supporting Files";
			sourceTree = "<group>";
		};
		81755A521BBCDE5D00A16229 /* PhishTourV2Tests */ = {
			isa = PBXGroup;
			children = (
				81755A551BBCDE5D00A16229 /* PhishTourV2Tests.swift */,
				81755A531BBCDE5D00A16229 /* Supporting Files */,
			);
			path = PhishTourV2Tests;
			sourceTree = "<group>";
		};
		81755A531BBCDE5D00A16229 /* Supporting Files */ = {
			isa = PBXGroup;
			children = (
				81755A541BBCDE5D00A16229 /* Info.plist */,
			);
			name = "Supporting Files";
			sourceTree = "<group>";
		};
/* End PBXGroup section */

/* Begin PBXNativeTarget section */
		81755A391BBCDE5D00A16229 /* PhishTourV2 */ = {
			isa = PBXNativeTarget;
			buildConfigurationList = 81755A591BBCDE5D00A16229 /* Build configuration list for PBXNativeTarget "PhishTourV2" */;
			buildPhases = (
				81755A361BBCDE5D00A16229 /* Sources */,
				81755A371BBCDE5D00A16229 /* Frameworks */,
				81755A381BBCDE5D00A16229 /* Resources */,
			);
			buildRules = (
			);
			dependencies = (
			);
			name = PhishTourV2;
			productName = PhishTourV2;
			productReference = 81755A3A1BBCDE5D00A16229 /* PhishTourV2.app */;
			productType = "com.apple.product-type.application";
		};
		81755A4E1BBCDE5D00A16229 /* PhishTourV2Tests */ = {
			isa = PBXNativeTarget;
			buildConfigurationList = 81755A5C1BBCDE5D00A16229 /* Build configuration list for PBXNativeTarget "PhishTourV2Tests" */;
			buildPhases = (
				81755A4B1BBCDE5D00A16229 /* Sources */,
				81755A4C1BBCDE5D00A16229 /* Frameworks */,
				81755A4D1BBCDE5D00A16229 /* Resources */,
			);
			buildRules = (
			);
			dependencies = (
				81755A511BBCDE5D00A16229 /* PBXTargetDependency */,
			);
			name = PhishTourV2Tests;
			productName = PhishTourV2Tests;
			productReference = 81755A4F1BBCDE5D00A16229 /* PhishTourV2Tests.xctest */;
			productType = "com.apple.product-type.bundle.unit-test";
		};
/* End PBXNativeTarget section */

/* Begin PBXProject section */
		81755A321BBCDE5D00A16229 /* Project object */ = {
			isa = PBXProject;
			attributes = {
				LastUpgradeCheck = 0640;
				ORGANIZATIONNAME = AaronJ;
				TargetAttributes = {
					81755A391BBCDE5D00A16229 = {
						CreatedOnToolsVersion = 6.4;
					};
					81755A4E1BBCDE5D00A16229 = {
						CreatedOnToolsVersion = 6.4;
						TestTargetID = 81755A391BBCDE5D00A16229;
					};
				};
			};
			buildConfigurationList = 81755A351BBCDE5D00A16229 /* Build configuration list for PBXProject "PhishTourV2" */;
			compatibilityVersion = "Xcode 3.2";
			developmentRegion = English;
			hasScannedForEncodings = 0;
			knownRegions = (
				en,
				Base,
			);
			mainGroup = 81755A311BBCDE5D00A16229;
			productRefGroup = 81755A3B1BBCDE5D00A16229 /* Products */;
			projectDirPath = "";
			projectRoot = "";
			targets = (
				81755A391BBCDE5D00A16229 /* PhishTourV2 */,
				81755A4E1BBCDE5D00A16229 /* PhishTourV2Tests */,
			);
		};
/* End PBXProject section */

/* Begin PBXResourcesBuildPhase section */
		81755A381BBCDE5D00A16229 /* Resources */ = {
			isa = PBXResourcesBuildPhase;
			buildActionMask = 2147483647;
			files = (
				81755A4A1BBCDE5D00A16229 /* LaunchScreen.xib in Resources */,
				81755A471BBCDE5D00A16229 /* Images.xcassets in Resources */,
				81755A6A1BBCE85000A16229 /* Main.storyboard in Resources */,
			);
			runOnlyForDeploymentPostprocessing = 0;
		};
		81755A4D1BBCDE5D00A16229 /* Resources */ = {
			isa = PBXResourcesBuildPhase;
			buildActionMask = 2147483647;
			files = (
			);
			runOnlyForDeploymentPostprocessing = 0;
		};
/* End PBXResourcesBuildPhase section */

/* Begin PBXSourcesBuildPhase section */
		81755A361BBCDE5D00A16229 /* Sources */ = {
			isa = PBXSourcesBuildPhase;
			buildActionMask = 2147483647;
			files = (
				81755A601BBCDECF00A16229 /* PhishTour.swift in Sources */,
				81755A641BBCE13C00A16229 /* PhishSong.swift in Sources */,
				81755A621BBCDF9E00A16229 /* PhishShow.swift in Sources */,
				81755A681BBCE82700A16229 /* TourMapViewController.swift in Sources */,
				81755A661BBCE28D00A16229 /* PhishinClient.swift in Sources */,
				81755A401BBCDE5D00A16229 /* AppDelegate.swift in Sources */,
			);
			runOnlyForDeploymentPostprocessing = 0;
		};
		81755A4B1BBCDE5D00A16229 /* Sources */ = {
			isa = PBXSourcesBuildPhase;
			buildActionMask = 2147483647;
			files = (
				81755A561BBCDE5D00A16229 /* PhishTourV2Tests.swift in Sources */,
			);
			runOnlyForDeploymentPostprocessing = 0;
		};
/* End PBXSourcesBuildPhase section */

/* Begin PBXTargetDependency section */
		81755A511BBCDE5D00A16229 /* PBXTargetDependency */ = {
			isa = PBXTargetDependency;
			target = 81755A391BBCDE5D00A16229 /* PhishTourV2 */;
			targetProxy = 81755A501BBCDE5D00A16229 /* PBXContainerItemProxy */;
		};
/* End PBXTargetDependency section */

/* Begin PBXVariantGroup section */
		81755A481BBCDE5D00A16229 /* LaunchScreen.xib */ = {
			isa = PBXVariantGroup;
			children = (
				81755A491BBCDE5D00A16229 /* Base */,
			);
			name = LaunchScreen.xib;
			sourceTree = "<group>";
		};
/* End PBXVariantGroup section */

/* Begin XCBuildConfiguration section */
		81755A571BBCDE5D00A16229 /* Debug */ = {
			isa = XCBuildConfiguration;
			buildSettings = {
				ALWAYS_SEARCH_USER_PATHS = NO;
				CLANG_CXX_LANGUAGE_STANDARD = "gnu++0x";
				CLANG_CXX_LIBRARY = "libc++";
				CLANG_ENABLE_MODULES = YES;
				CLANG_ENABLE_OBJC_ARC = YES;
				CLANG_WARN_BOOL_CONVERSION = YES;
				CLANG_WARN_CONSTANT_CONVERSION = YES;
				CLANG_WARN_DIRECT_OBJC_ISA_USAGE = YES_ERROR;
				CLANG_WARN_EMPTY_BODY = YES;
				CLANG_WARN_ENUM_CONVERSION = YES;
				CLANG_WARN_INT_CONVERSION = YES;
				CLANG_WARN_OBJC_ROOT_CLASS = YES_ERROR;
				CLANG_WARN_UNREACHABLE_CODE = YES;
				CLANG_WARN__DUPLICATE_METHOD_MATCH = YES;
				"CODE_SIGN_IDENTITY[sdk=iphoneos*]" = "iPhone Developer";
				COPY_PHASE_STRIP = NO;
				DEBUG_INFORMATION_FORMAT = "dwarf-with-dsym";
				ENABLE_STRICT_OBJC_MSGSEND = YES;
				GCC_C_LANGUAGE_STANDARD = gnu99;
				GCC_DYNAMIC_NO_PIC = NO;
				GCC_NO_COMMON_BLOCKS = YES;
				GCC_OPTIMIZATION_LEVEL = 0;
				GCC_PREPROCESSOR_DEFINITIONS = (
					"DEBUG=1",
					"$(inherited)",
				);
				GCC_SYMBOLS_PRIVATE_EXTERN = NO;
				GCC_WARN_64_TO_32_BIT_CONVERSION = YES;
				GCC_WARN_ABOUT_RETURN_TYPE = YES_ERROR;
				GCC_WARN_UNDECLARED_SELECTOR = YES;
				GCC_WARN_UNINITIALIZED_AUTOS = YES_AGGRESSIVE;
				GCC_WARN_UNUSED_FUNCTION = YES;
				GCC_WARN_UNUSED_VARIABLE = YES;
				IPHONEOS_DEPLOYMENT_TARGET = 8.4;
				MTL_ENABLE_DEBUG_INFO = YES;
				ONLY_ACTIVE_ARCH = YES;
				SDKROOT = iphoneos;
				SWIFT_OPTIMIZATION_LEVEL = "-Onone";
			};
			name = Debug;
		};
		81755A581BBCDE5D00A16229 /* Release */ = {
			isa = XCBuildConfiguration;
			buildSettings = {
				ALWAYS_SEARCH_USER_PATHS = NO;
				CLANG_CXX_LANGUAGE_STANDARD = "gnu++0x";
				CLANG_CXX_LIBRARY = "libc++";
				CLANG_ENABLE_MODULES = YES;
				CLANG_ENABLE_OBJC_ARC = YES;
				CLANG_WARN_BOOL_CONVERSION = YES;
				CLANG_WARN_CONSTANT_CONVERSION = YES;
				CLANG_WARN_DIRECT_OBJC_ISA_USAGE = YES_ERROR;
				CLANG_WARN_EMPTY_BODY = YES;
				CLANG_WARN_ENUM_CONVERSION = YES;
				CLANG_WARN_INT_CONVERSION = YES;
				CLANG_WARN_OBJC_ROOT_CLASS = YES_ERROR;
				CLANG_WARN_UNREACHABLE_CODE = YES;
				CLANG_WARN__DUPLICATE_METHOD_MATCH = YES;
				"CODE_SIGN_IDENTITY[sdk=iphoneos*]" = "iPhone Developer";
				COPY_PHASE_STRIP = NO;
				DEBUG_INFORMATION_FORMAT = "dwarf-with-dsym";
				ENABLE_NS_ASSERTIONS = NO;
				ENABLE_STRICT_OBJC_MSGSEND = YES;
				GCC_C_LANGUAGE_STANDARD = gnu99;
				GCC_NO_COMMON_BLOCKS = YES;
				GCC_WARN_64_TO_32_BIT_CONVERSION = YES;
				GCC_WARN_ABOUT_RETURN_TYPE = YES_ERROR;
				GCC_WARN_UNDECLARED_SELECTOR = YES;
				GCC_WARN_UNINITIALIZED_AUTOS = YES_AGGRESSIVE;
				GCC_WARN_UNUSED_FUNCTION = YES;
				GCC_WARN_UNUSED_VARIABLE = YES;
				IPHONEOS_DEPLOYMENT_TARGET = 8.4;
				MTL_ENABLE_DEBUG_INFO = NO;
				SDKROOT = iphoneos;
				VALIDATE_PRODUCT = YES;
			};
			name = Release;
		};
		81755A5A1BBCDE5D00A16229 /* Debug */ = {
			isa = XCBuildConfiguration;
			buildSettings = {
				ASSETCATALOG_COMPILER_APPICON_NAME = AppIcon;
				INFOPLIST_FILE = PhishTourV2/Info.plist;
				LD_RUNPATH_SEARCH_PATHS = "$(inherited) @executable_path/Frameworks";
				PRODUCT_NAME = "$(TARGET_NAME)";
			};
			name = Debug;
		};
		81755A5B1BBCDE5D00A16229 /* Release */ = {
			isa = XCBuildConfiguration;
			buildSettings = {
				ASSETCATALOG_COMPILER_APPICON_NAME = AppIcon;
				INFOPLIST_FILE = PhishTourV2/Info.plist;
				LD_RUNPATH_SEARCH_PATHS = "$(inherited) @executable_path/Frameworks";
				PRODUCT_NAME = "$(TARGET_NAME)";
			};
			name = Release;
		};
		81755A5D1BBCDE5D00A16229 /* Debug */ = {
			isa = XCBuildConfiguration;
			buildSettings = {
				BUNDLE_LOADER = "$(TEST_HOST)";
				FRAMEWORK_SEARCH_PATHS = (
					"$(SDKROOT)/Developer/Library/Frameworks",
					"$(inherited)",
				);
				GCC_PREPROCESSOR_DEFINITIONS = (
					"DEBUG=1",
					"$(inherited)",
				);
				INFOPLIST_FILE = PhishTourV2Tests/Info.plist;
				LD_RUNPATH_SEARCH_PATHS = "$(inherited) @executable_path/Frameworks @loader_path/Frameworks";
				PRODUCT_NAME = "$(TARGET_NAME)";
				TEST_HOST = "$(BUILT_PRODUCTS_DIR)/PhishTourV2.app/PhishTourV2";
			};
			name = Debug;
		};
		81755A5E1BBCDE5D00A16229 /* Release */ = {
			isa = XCBuildConfiguration;
			buildSettings = {
				BUNDLE_LOADER = "$(TEST_HOST)";
				FRAMEWORK_SEARCH_PATHS = (
					"$(SDKROOT)/Developer/Library/Frameworks",
					"$(inherited)",
				);
				INFOPLIST_FILE = PhishTourV2Tests/Info.plist;
				LD_RUNPATH_SEARCH_PATHS = "$(inherited) @executable_path/Frameworks @loader_path/Frameworks";
				PRODUCT_NAME = "$(TARGET_NAME)";
				TEST_HOST = "$(BUILT_PRODUCTS_DIR)/PhishTourV2.app/PhishTourV2";
			};
			name = Release;
		};
/* End XCBuildConfiguration section */

/* Begin XCConfigurationList section */
		81755A351BBCDE5D00A16229 /* Build configuration list for PBXProject "PhishTourV2" */ = {
			isa = XCConfigurationList;
			buildConfigurations = (
				81755A571BBCDE5D00A16229 /* Debug */,
				81755A581BBCDE5D00A16229 /* Release */,
			);
			defaultConfigurationIsVisible = 0;
			defaultConfigurationName = Release;
		};
		81755A591BBCDE5D00A16229 /* Build configuration list for PBXNativeTarget "PhishTourV2" */ = {
			isa = XCConfigurationList;
			buildConfigurations = (
				81755A5A1BBCDE5D00A16229 /* Debug */,
				81755A5B1BBCDE5D00A16229 /* Release */,
			);
			defaultConfigurationIsVisible = 0;
		};
		81755A5C1BBCDE5D00A16229 /* Build configuration list for PBXNativeTarget "PhishTourV2Tests" */ = {
			isa = XCConfigurationList;
			buildConfigurations = (
				81755A5D1BBCDE5D00A16229 /* Debug */,
				81755A5E1BBCDE5D00A16229 /* Release */,
			);
			defaultConfigurationIsVisible = 0;
		};
/* End XCConfigurationList section */
	};
	rootObject = 81755A321BBCDE5D00A16229 /* Project object */;
}
